// !$*UTF8*$!
{
	archiveVersion = 1;
	classes = {
	};
	objectVersion = 55;
	objects = {

/* Begin PBXBuildFile section */
		714B48BC283BBEDE00B08739 /* ImhoTodoHomeRouter.swift in Sources */ = {isa = PBXBuildFile; fileRef = 714B48B8283BBEDE00B08739 /* ImhoTodoHomeRouter.swift */; };
		714B48BD283BBEDE00B08739 /* ImhoTodoHomeViewController.swift in Sources */ = {isa = PBXBuildFile; fileRef = 714B48B9283BBEDE00B08739 /* ImhoTodoHomeViewController.swift */; };
		714B48BE283BBEDE00B08739 /* ImhoTodoHomeBuilder.swift in Sources */ = {isa = PBXBuildFile; fileRef = 714B48BA283BBEDE00B08739 /* ImhoTodoHomeBuilder.swift */; };
		714B48BF283BBEDE00B08739 /* ImhoTodoHomeInteractor.swift in Sources */ = {isa = PBXBuildFile; fileRef = 714B48BB283BBEDE00B08739 /* ImhoTodoHomeInteractor.swift */; };
		714B48C1283BC1BE00B08739 /* ImhoTodoListCell.swift in Sources */ = {isa = PBXBuildFile; fileRef = 714B48C0283BC1BE00B08739 /* ImhoTodoListCell.swift */; };
		714B48CF283BC7CB00B08739 /* ImhoTodoNewItemRouter.swift in Sources */ = {isa = PBXBuildFile; fileRef = 714B48CB283BC7CB00B08739 /* ImhoTodoNewItemRouter.swift */; };
		714B48D0283BC7CB00B08739 /* ImhoTodoNewItemViewController.swift in Sources */ = {isa = PBXBuildFile; fileRef = 714B48CC283BC7CB00B08739 /* ImhoTodoNewItemViewController.swift */; };
		714B48D1283BC7CB00B08739 /* ImhoTodoNewItemBuilder.swift in Sources */ = {isa = PBXBuildFile; fileRef = 714B48CD283BC7CB00B08739 /* ImhoTodoNewItemBuilder.swift */; };
		714B48D2283BC7CB00B08739 /* ImhoTodoNewItemInteractor.swift in Sources */ = {isa = PBXBuildFile; fileRef = 714B48CE283BC7CB00B08739 /* ImhoTodoNewItemInteractor.swift */; };
		71F8C733284045A000BB63E3 /* ImhoTodoItemDataModel.swift in Sources */ = {isa = PBXBuildFile; fileRef = 71F8C732284045A000BB63E3 /* ImhoTodoItemDataModel.swift */; };
		71F8C735284045D000BB63E3 /* ImhoTodoItemStatus.swift in Sources */ = {isa = PBXBuildFile; fileRef = 71F8C734284045D000BB63E3 /* ImhoTodoItemStatus.swift */; };
		71F8C7372840462D00BB63E3 /* ImhoTodoItemPresentationModel.swift in Sources */ = {isa = PBXBuildFile; fileRef = 71F8C7362840462D00BB63E3 /* ImhoTodoItemPresentationModel.swift */; };
		71FF8C08282C891500B6DBD1 /* AppDelegate.swift in Sources */ = {isa = PBXBuildFile; fileRef = 71FF8C07282C891500B6DBD1 /* AppDelegate.swift */; };
		71FF8C11282C891800B6DBD1 /* Assets.xcassets in Resources */ = {isa = PBXBuildFile; fileRef = 71FF8C10282C891800B6DBD1 /* Assets.xcassets */; };
		71FF8C14282C891800B6DBD1 /* LaunchScreen.storyboard in Resources */ = {isa = PBXBuildFile; fileRef = 71FF8C12282C891800B6DBD1 /* LaunchScreen.storyboard */; };
		71FF8C1D282C8C2000B6DBD1 /* AppComponent.swift in Sources */ = {isa = PBXBuildFile; fileRef = 71FF8C1C282C8C2000B6DBD1 /* AppComponent.swift */; };
		71FF8C20282C8CD300B6DBD1 /* ModernRIBs in Frameworks */ = {isa = PBXBuildFile; productRef = 71FF8C1F282C8CD300B6DBD1 /* ModernRIBs */; };
		71FF8C25282C8DA400B6DBD1 /* AppRootRouter.swift in Sources */ = {isa = PBXBuildFile; fileRef = 71FF8C22282C8DA400B6DBD1 /* AppRootRouter.swift */; };
		71FF8C26282C8DA400B6DBD1 /* AppRootBuilder.swift in Sources */ = {isa = PBXBuildFile; fileRef = 71FF8C23282C8DA400B6DBD1 /* AppRootBuilder.swift */; };
		71FF8C27282C8DA400B6DBD1 /* AppRootInteractor.swift in Sources */ = {isa = PBXBuildFile; fileRef = 71FF8C24282C8DA400B6DBD1 /* AppRootInteractor.swift */; };
		71FF8C29282C8E8E00B6DBD1 /* RootTabBarController.swift in Sources */ = {isa = PBXBuildFile; fileRef = 71FF8C28282C8E8E00B6DBD1 /* RootTabBarController.swift */; };
		71FF8C2B282C8EBC00B6DBD1 /* AppRootComponent.swift in Sources */ = {isa = PBXBuildFile; fileRef = 71FF8C2A282C8EBC00B6DBD1 /* AppRootComponent.swift */; };
		DD0A05622835053400CF657E /* TJToDoListRouter.swift in Sources */ = {isa = PBXBuildFile; fileRef = DD0A055E2835053400CF657E /* TJToDoListRouter.swift */; };
		DD0A05632835053400CF657E /* TJToDoListViewController.swift in Sources */ = {isa = PBXBuildFile; fileRef = DD0A055F2835053400CF657E /* TJToDoListViewController.swift */; };
		DD0A05642835053400CF657E /* TJToDoListBuilder.swift in Sources */ = {isa = PBXBuildFile; fileRef = DD0A05602835053400CF657E /* TJToDoListBuilder.swift */; };
		DD0A05652835053400CF657E /* TJToDoListInteractor.swift in Sources */ = {isa = PBXBuildFile; fileRef = DD0A05612835053400CF657E /* TJToDoListInteractor.swift */; };
		DD0A05682835077E00CF657E /* RIBs+Utils.swift in Sources */ = {isa = PBXBuildFile; fileRef = DD0A05672835077E00CF657E /* RIBs+Utils.swift */; };
/* End PBXBuildFile section */

/* Begin PBXFileReference section */
		714B48B8283BBEDE00B08739 /* ImhoTodoHomeRouter.swift */ = {isa = PBXFileReference; lastKnownFileType = sourcecode.swift; path = ImhoTodoHomeRouter.swift; sourceTree = "<group>"; };
		714B48B9283BBEDE00B08739 /* ImhoTodoHomeViewController.swift */ = {isa = PBXFileReference; lastKnownFileType = sourcecode.swift; path = ImhoTodoHomeViewController.swift; sourceTree = "<group>"; };
		714B48BA283BBEDE00B08739 /* ImhoTodoHomeBuilder.swift */ = {isa = PBXFileReference; lastKnownFileType = sourcecode.swift; path = ImhoTodoHomeBuilder.swift; sourceTree = "<group>"; };
		714B48BB283BBEDE00B08739 /* ImhoTodoHomeInteractor.swift */ = {isa = PBXFileReference; lastKnownFileType = sourcecode.swift; path = ImhoTodoHomeInteractor.swift; sourceTree = "<group>"; };
		714B48C0283BC1BE00B08739 /* ImhoTodoListCell.swift */ = {isa = PBXFileReference; lastKnownFileType = sourcecode.swift; path = ImhoTodoListCell.swift; sourceTree = "<group>"; };
		714B48CB283BC7CB00B08739 /* ImhoTodoNewItemRouter.swift */ = {isa = PBXFileReference; lastKnownFileType = sourcecode.swift; path = ImhoTodoNewItemRouter.swift; sourceTree = "<group>"; };
		714B48CC283BC7CB00B08739 /* ImhoTodoNewItemViewController.swift */ = {isa = PBXFileReference; lastKnownFileType = sourcecode.swift; path = ImhoTodoNewItemViewController.swift; sourceTree = "<group>"; };
		714B48CD283BC7CB00B08739 /* ImhoTodoNewItemBuilder.swift */ = {isa = PBXFileReference; lastKnownFileType = sourcecode.swift; path = ImhoTodoNewItemBuilder.swift; sourceTree = "<group>"; };
		714B48CE283BC7CB00B08739 /* ImhoTodoNewItemInteractor.swift */ = {isa = PBXFileReference; lastKnownFileType = sourcecode.swift; path = ImhoTodoNewItemInteractor.swift; sourceTree = "<group>"; };
		71F8C732284045A000BB63E3 /* ImhoTodoItemDataModel.swift */ = {isa = PBXFileReference; lastKnownFileType = sourcecode.swift; path = ImhoTodoItemDataModel.swift; sourceTree = "<group>"; };
		71F8C734284045D000BB63E3 /* ImhoTodoItemStatus.swift */ = {isa = PBXFileReference; lastKnownFileType = sourcecode.swift; path = ImhoTodoItemStatus.swift; sourceTree = "<group>"; };
		71F8C7362840462D00BB63E3 /* ImhoTodoItemPresentationModel.swift */ = {isa = PBXFileReference; lastKnownFileType = sourcecode.swift; path = ImhoTodoItemPresentationModel.swift; sourceTree = "<group>"; };
		71FF8C04282C891500B6DBD1 /* RIBsTestApp.app */ = {isa = PBXFileReference; explicitFileType = wrapper.application; includeInIndex = 0; path = RIBsTestApp.app; sourceTree = BUILT_PRODUCTS_DIR; };
		71FF8C07282C891500B6DBD1 /* AppDelegate.swift */ = {isa = PBXFileReference; lastKnownFileType = sourcecode.swift; path = AppDelegate.swift; sourceTree = "<group>"; };
		71FF8C10282C891800B6DBD1 /* Assets.xcassets */ = {isa = PBXFileReference; lastKnownFileType = folder.assetcatalog; path = Assets.xcassets; sourceTree = "<group>"; };
		71FF8C13282C891800B6DBD1 /* Base */ = {isa = PBXFileReference; lastKnownFileType = file.storyboard; name = Base; path = Base.lproj/LaunchScreen.storyboard; sourceTree = "<group>"; };
		71FF8C15282C891800B6DBD1 /* Info.plist */ = {isa = PBXFileReference; lastKnownFileType = text.plist.xml; path = Info.plist; sourceTree = "<group>"; };
		71FF8C1C282C8C2000B6DBD1 /* AppComponent.swift */ = {isa = PBXFileReference; lastKnownFileType = sourcecode.swift; path = AppComponent.swift; sourceTree = "<group>"; };
		71FF8C22282C8DA400B6DBD1 /* AppRootRouter.swift */ = {isa = PBXFileReference; lastKnownFileType = sourcecode.swift; path = AppRootRouter.swift; sourceTree = "<group>"; };
		71FF8C23282C8DA400B6DBD1 /* AppRootBuilder.swift */ = {isa = PBXFileReference; lastKnownFileType = sourcecode.swift; path = AppRootBuilder.swift; sourceTree = "<group>"; };
		71FF8C24282C8DA400B6DBD1 /* AppRootInteractor.swift */ = {isa = PBXFileReference; lastKnownFileType = sourcecode.swift; path = AppRootInteractor.swift; sourceTree = "<group>"; };
		71FF8C28282C8E8E00B6DBD1 /* RootTabBarController.swift */ = {isa = PBXFileReference; lastKnownFileType = sourcecode.swift; path = RootTabBarController.swift; sourceTree = "<group>"; };
		71FF8C2A282C8EBC00B6DBD1 /* AppRootComponent.swift */ = {isa = PBXFileReference; lastKnownFileType = sourcecode.swift; path = AppRootComponent.swift; sourceTree = "<group>"; };
		DD0A055E2835053400CF657E /* TJToDoListRouter.swift */ = {isa = PBXFileReference; lastKnownFileType = sourcecode.swift; path = TJToDoListRouter.swift; sourceTree = "<group>"; };
		DD0A055F2835053400CF657E /* TJToDoListViewController.swift */ = {isa = PBXFileReference; lastKnownFileType = sourcecode.swift; path = TJToDoListViewController.swift; sourceTree = "<group>"; };
		DD0A05602835053400CF657E /* TJToDoListBuilder.swift */ = {isa = PBXFileReference; lastKnownFileType = sourcecode.swift; path = TJToDoListBuilder.swift; sourceTree = "<group>"; };
		DD0A05612835053400CF657E /* TJToDoListInteractor.swift */ = {isa = PBXFileReference; lastKnownFileType = sourcecode.swift; path = TJToDoListInteractor.swift; sourceTree = "<group>"; };
		DD0A05672835077E00CF657E /* RIBs+Utils.swift */ = {isa = PBXFileReference; lastKnownFileType = sourcecode.swift; path = "RIBs+Utils.swift"; sourceTree = "<group>"; };
/* End PBXFileReference section */

/* Begin PBXFrameworksBuildPhase section */
		71FF8C01282C891500B6DBD1 /* Frameworks */ = {
			isa = PBXFrameworksBuildPhase;
			buildActionMask = 2147483647;
			files = (
				71FF8C20282C8CD300B6DBD1 /* ModernRIBs in Frameworks */,
			);
			runOnlyForDeploymentPostprocessing = 0;
		};
/* End PBXFrameworksBuildPhase section */

/* Begin PBXGroup section */
		714B48AF283BBDF300B08739 /* ImhoTodoHome */ = {
			isa = PBXGroup;
			children = (
				71F8C7312840458A00BB63E3 /* ImhoModel */,
				714B48B8283BBEDE00B08739 /* ImhoTodoHomeRouter.swift */,
				714B48B9283BBEDE00B08739 /* ImhoTodoHomeViewController.swift */,
				714B48BA283BBEDE00B08739 /* ImhoTodoHomeBuilder.swift */,
				714B48BB283BBEDE00B08739 /* ImhoTodoHomeInteractor.swift */,
				714B48C0283BC1BE00B08739 /* ImhoTodoListCell.swift */,
				714B48C2283BC58100B08739 /* ImhoTodoNewItem */,
			);
			path = ImhoTodoHome;
			sourceTree = "<group>";
		};
		714B48C2283BC58100B08739 /* ImhoTodoNewItem */ = {
			isa = PBXGroup;
			children = (
				714B48CB283BC7CB00B08739 /* ImhoTodoNewItemRouter.swift */,
				714B48CC283BC7CB00B08739 /* ImhoTodoNewItemViewController.swift */,
				714B48CD283BC7CB00B08739 /* ImhoTodoNewItemBuilder.swift */,
				714B48CE283BC7CB00B08739 /* ImhoTodoNewItemInteractor.swift */,
			);
			path = ImhoTodoNewItem;
			sourceTree = "<group>";
		};
		71F8C7312840458A00BB63E3 /* ImhoModel */ = {
			isa = PBXGroup;
			children = (
				71F8C732284045A000BB63E3 /* ImhoTodoItemDataModel.swift */,
				71F8C734284045D000BB63E3 /* ImhoTodoItemStatus.swift */,
				71F8C7362840462D00BB63E3 /* ImhoTodoItemPresentationModel.swift */,
			);
			path = ImhoModel;
			sourceTree = "<group>";
		};
		71FF8BFB282C891500B6DBD1 = {
			isa = PBXGroup;
			children = (
				71FF8C06282C891500B6DBD1 /* RIBsTestApp */,
				71FF8C05282C891500B6DBD1 /* Products */,
				BED7756AA0B3B910BFDFF949 /* Frameworks */,
			);
			sourceTree = "<group>";
		};
		71FF8C05282C891500B6DBD1 /* Products */ = {
			isa = PBXGroup;
			children = (
				71FF8C04282C891500B6DBD1 /* RIBsTestApp.app */,
			);
			name = Products;
			sourceTree = "<group>";
		};
		71FF8C06282C891500B6DBD1 /* RIBsTestApp */ = {
			isa = PBXGroup;
			children = (
				714B48AF283BBDF300B08739 /* ImhoTodoHome */,
				DD0A05662835075D00CF657E /* Utils */,
				DD0A055D2835052500CF657E /* TJToDoList */,
				71FF8C21282C8D7F00B6DBD1 /* AppRoot */,
				71FF8C1B282C8C0F00B6DBD1 /* AppDelegate */,
				71FF8C10282C891800B6DBD1 /* Assets.xcassets */,
				71FF8C12282C891800B6DBD1 /* LaunchScreen.storyboard */,
				71FF8C15282C891800B6DBD1 /* Info.plist */,
			);
			path = RIBsTestApp;
			sourceTree = "<group>";
		};
		71FF8C1B282C8C0F00B6DBD1 /* AppDelegate */ = {
			isa = PBXGroup;
			children = (
				71FF8C07282C891500B6DBD1 /* AppDelegate.swift */,
				71FF8C1C282C8C2000B6DBD1 /* AppComponent.swift */,
			);
			path = AppDelegate;
			sourceTree = "<group>";
		};
		71FF8C21282C8D7F00B6DBD1 /* AppRoot */ = {
			isa = PBXGroup;
			children = (
				71FF8C22282C8DA400B6DBD1 /* AppRootRouter.swift */,
				71FF8C23282C8DA400B6DBD1 /* AppRootBuilder.swift */,
				71FF8C24282C8DA400B6DBD1 /* AppRootInteractor.swift */,
				71FF8C28282C8E8E00B6DBD1 /* RootTabBarController.swift */,
				71FF8C2A282C8EBC00B6DBD1 /* AppRootComponent.swift */,
			);
			path = AppRoot;
			sourceTree = "<group>";
		};
		BED7756AA0B3B910BFDFF949 /* Frameworks */ = {
			isa = PBXGroup;
			children = (
			);
			name = Frameworks;
			sourceTree = "<group>";
		};
		DD0A055D2835052500CF657E /* TJToDoList */ = {
			isa = PBXGroup;
			children = (
				DD0A055E2835053400CF657E /* TJToDoListRouter.swift */,
				DD0A055F2835053400CF657E /* TJToDoListViewController.swift */,
				DD0A05602835053400CF657E /* TJToDoListBuilder.swift */,
				DD0A05612835053400CF657E /* TJToDoListInteractor.swift */,
			);
			path = TJToDoList;
			sourceTree = "<group>";
		};
		DD0A05662835075D00CF657E /* Utils */ = {
			isa = PBXGroup;
			children = (
				DD0A05672835077E00CF657E /* RIBs+Utils.swift */,
			);
			path = Utils;
			sourceTree = "<group>";
		};
/* End PBXGroup section */

/* Begin PBXNativeTarget section */
		71FF8C03282C891500B6DBD1 /* RIBsTestApp */ = {
			isa = PBXNativeTarget;
			buildConfigurationList = 71FF8C18282C891800B6DBD1 /* Build configuration list for PBXNativeTarget "RIBsTestApp" */;
			buildPhases = (
				71FF8C00282C891500B6DBD1 /* Sources */,
				71FF8C01282C891500B6DBD1 /* Frameworks */,
				71FF8C02282C891500B6DBD1 /* Resources */,
			);
			buildRules = (
			);
			dependencies = (
			);
			name = RIBsTestApp;
			packageProductDependencies = (
				71FF8C1F282C8CD300B6DBD1 /* ModernRIBs */,
			);
			productName = RIBsTestApp;
			productReference = 71FF8C04282C891500B6DBD1 /* RIBsTestApp.app */;
			productType = "com.apple.product-type.application";
		};
/* End PBXNativeTarget section */

/* Begin PBXProject section */
		71FF8BFC282C891500B6DBD1 /* Project object */ = {
			isa = PBXProject;
			attributes = {
				BuildIndependentTargetsInParallel = 1;
				LastSwiftUpdateCheck = 1320;
				LastUpgradeCheck = 1320;
				TargetAttributes = {
					71FF8C03282C891500B6DBD1 = {
						CreatedOnToolsVersion = 13.2.1;
					};
				};
			};
			buildConfigurationList = 71FF8BFF282C891500B6DBD1 /* Build configuration list for PBXProject "RIBsTestApp" */;
			compatibilityVersion = "Xcode 13.0";
			developmentRegion = en;
			hasScannedForEncodings = 0;
			knownRegions = (
				en,
				Base,
			);
			mainGroup = 71FF8BFB282C891500B6DBD1;
			packageReferences = (
				71FF8C1E282C8CD300B6DBD1 /* XCRemoteSwiftPackageReference "ModernRIBs" */,
			);
			productRefGroup = 71FF8C05282C891500B6DBD1 /* Products */;
			projectDirPath = "";
			projectRoot = "";
			targets = (
				71FF8C03282C891500B6DBD1 /* RIBsTestApp */,
			);
		};
/* End PBXProject section */

/* Begin PBXResourcesBuildPhase section */
		71FF8C02282C891500B6DBD1 /* Resources */ = {
			isa = PBXResourcesBuildPhase;
			buildActionMask = 2147483647;
			files = (
				71FF8C14282C891800B6DBD1 /* LaunchScreen.storyboard in Resources */,
				71FF8C11282C891800B6DBD1 /* Assets.xcassets in Resources */,
			);
			runOnlyForDeploymentPostprocessing = 0;
		};
/* End PBXResourcesBuildPhase section */

/* Begin PBXSourcesBuildPhase section */
		71FF8C00282C891500B6DBD1 /* Sources */ = {
			isa = PBXSourcesBuildPhase;
			buildActionMask = 2147483647;
			files = (
				714B48BE283BBEDE00B08739 /* ImhoTodoHomeBuilder.swift in Sources */,
				71F8C733284045A000BB63E3 /* ImhoTodoItemDataModel.swift in Sources */,
				71FF8C2B282C8EBC00B6DBD1 /* AppRootComponent.swift in Sources */,
				71FF8C25282C8DA400B6DBD1 /* AppRootRouter.swift in Sources */,
				714B48D0283BC7CB00B08739 /* ImhoTodoNewItemViewController.swift in Sources */,
				71F8C7372840462D00BB63E3 /* ImhoTodoItemPresentationModel.swift in Sources */,
				DD0A05622835053400CF657E /* TJToDoListRouter.swift in Sources */,
				DD0A05682835077E00CF657E /* RIBs+Utils.swift in Sources */,
				714B48D1283BC7CB00B08739 /* ImhoTodoNewItemBuilder.swift in Sources */,
				DD0A05642835053400CF657E /* TJToDoListBuilder.swift in Sources */,
				DD0A05632835053400CF657E /* TJToDoListViewController.swift in Sources */,
				714B48D2283BC7CB00B08739 /* ImhoTodoNewItemInteractor.swift in Sources */,
				714B48CF283BC7CB00B08739 /* ImhoTodoNewItemRouter.swift in Sources */,
				71FF8C29282C8E8E00B6DBD1 /* RootTabBarController.swift in Sources */,
				71FF8C1D282C8C2000B6DBD1 /* AppComponent.swift in Sources */,
				714B48BD283BBEDE00B08739 /* ImhoTodoHomeViewController.swift in Sources */,
				714B48BC283BBEDE00B08739 /* ImhoTodoHomeRouter.swift in Sources */,
				71FF8C27282C8DA400B6DBD1 /* AppRootInteractor.swift in Sources */,
				71FF8C08282C891500B6DBD1 /* AppDelegate.swift in Sources */,
				DD0A05652835053400CF657E /* TJToDoListInteractor.swift in Sources */,
				714B48BF283BBEDE00B08739 /* ImhoTodoHomeInteractor.swift in Sources */,
				71FF8C26282C8DA400B6DBD1 /* AppRootBuilder.swift in Sources */,
				71F8C735284045D000BB63E3 /* ImhoTodoItemStatus.swift in Sources */,
				714B48C1283BC1BE00B08739 /* ImhoTodoListCell.swift in Sources */,
			);
			runOnlyForDeploymentPostprocessing = 0;
		};
/* End PBXSourcesBuildPhase section */

/* Begin PBXVariantGroup section */
		71FF8C12282C891800B6DBD1 /* LaunchScreen.storyboard */ = {
			isa = PBXVariantGroup;
			children = (
				71FF8C13282C891800B6DBD1 /* Base */,
			);
			name = LaunchScreen.storyboard;
			sourceTree = "<group>";
		};
/* End PBXVariantGroup section */

/* Begin XCBuildConfiguration section */
		71FF8C16282C891800B6DBD1 /* Debug */ = {
			isa = XCBuildConfiguration;
			buildSettings = {
				ALWAYS_SEARCH_USER_PATHS = NO;
				CLANG_ANALYZER_NONNULL = YES;
				CLANG_ANALYZER_NUMBER_OBJECT_CONVERSION = YES_AGGRESSIVE;
				CLANG_CXX_LANGUAGE_STANDARD = "gnu++17";
				CLANG_CXX_LIBRARY = "libc++";
				CLANG_ENABLE_MODULES = YES;
				CLANG_ENABLE_OBJC_ARC = YES;
				CLANG_ENABLE_OBJC_WEAK = YES;
				CLANG_WARN_BLOCK_CAPTURE_AUTORELEASING = YES;
				CLANG_WARN_BOOL_CONVERSION = YES;
				CLANG_WARN_COMMA = YES;
				CLANG_WARN_CONSTANT_CONVERSION = YES;
				CLANG_WARN_DEPRECATED_OBJC_IMPLEMENTATIONS = YES;
				CLANG_WARN_DIRECT_OBJC_ISA_USAGE = YES_ERROR;
				CLANG_WARN_DOCUMENTATION_COMMENTS = YES;
				CLANG_WARN_EMPTY_BODY = YES;
				CLANG_WARN_ENUM_CONVERSION = YES;
				CLANG_WARN_INFINITE_RECURSION = YES;
				CLANG_WARN_INT_CONVERSION = YES;
				CLANG_WARN_NON_LITERAL_NULL_CONVERSION = YES;
				CLANG_WARN_OBJC_IMPLICIT_RETAIN_SELF = YES;
				CLANG_WARN_OBJC_LITERAL_CONVERSION = YES;
				CLANG_WARN_OBJC_ROOT_CLASS = YES_ERROR;
				CLANG_WARN_QUOTED_INCLUDE_IN_FRAMEWORK_HEADER = YES;
				CLANG_WARN_RANGE_LOOP_ANALYSIS = YES;
				CLANG_WARN_STRICT_PROTOTYPES = YES;
				CLANG_WARN_SUSPICIOUS_MOVE = YES;
				CLANG_WARN_UNGUARDED_AVAILABILITY = YES_AGGRESSIVE;
				CLANG_WARN_UNREACHABLE_CODE = YES;
				CLANG_WARN__DUPLICATE_METHOD_MATCH = YES;
				COPY_PHASE_STRIP = NO;
				DEBUG_INFORMATION_FORMAT = dwarf;
				ENABLE_STRICT_OBJC_MSGSEND = YES;
				ENABLE_TESTABILITY = YES;
				GCC_C_LANGUAGE_STANDARD = gnu11;
				GCC_DYNAMIC_NO_PIC = NO;
				GCC_NO_COMMON_BLOCKS = YES;
				GCC_OPTIMIZATION_LEVEL = 0;
				GCC_PREPROCESSOR_DEFINITIONS = (
					"DEBUG=1",
					"$(inherited)",
				);
				GCC_WARN_64_TO_32_BIT_CONVERSION = YES;
				GCC_WARN_ABOUT_RETURN_TYPE = YES_ERROR;
				GCC_WARN_UNDECLARED_SELECTOR = YES;
				GCC_WARN_UNINITIALIZED_AUTOS = YES_AGGRESSIVE;
				GCC_WARN_UNUSED_FUNCTION = YES;
				GCC_WARN_UNUSED_VARIABLE = YES;
				IPHONEOS_DEPLOYMENT_TARGET = 15.2;
				MTL_ENABLE_DEBUG_INFO = INCLUDE_SOURCE;
				MTL_FAST_MATH = YES;
				ONLY_ACTIVE_ARCH = YES;
				SDKROOT = iphoneos;
				SWIFT_ACTIVE_COMPILATION_CONDITIONS = DEBUG;
				SWIFT_OPTIMIZATION_LEVEL = "-Onone";
			};
			name = Debug;
		};
		71FF8C17282C891800B6DBD1 /* Release */ = {
			isa = XCBuildConfiguration;
			buildSettings = {
				ALWAYS_SEARCH_USER_PATHS = NO;
				CLANG_ANALYZER_NONNULL = YES;
				CLANG_ANALYZER_NUMBER_OBJECT_CONVERSION = YES_AGGRESSIVE;
				CLANG_CXX_LANGUAGE_STANDARD = "gnu++17";
				CLANG_CXX_LIBRARY = "libc++";
				CLANG_ENABLE_MODULES = YES;
				CLANG_ENABLE_OBJC_ARC = YES;
				CLANG_ENABLE_OBJC_WEAK = YES;
				CLANG_WARN_BLOCK_CAPTURE_AUTORELEASING = YES;
				CLANG_WARN_BOOL_CONVERSION = YES;
				CLANG_WARN_COMMA = YES;
				CLANG_WARN_CONSTANT_CONVERSION = YES;
				CLANG_WARN_DEPRECATED_OBJC_IMPLEMENTATIONS = YES;
				CLANG_WARN_DIRECT_OBJC_ISA_USAGE = YES_ERROR;
				CLANG_WARN_DOCUMENTATION_COMMENTS = YES;
				CLANG_WARN_EMPTY_BODY = YES;
				CLANG_WARN_ENUM_CONVERSION = YES;
				CLANG_WARN_INFINITE_RECURSION = YES;
				CLANG_WARN_INT_CONVERSION = YES;
				CLANG_WARN_NON_LITERAL_NULL_CONVERSION = YES;
				CLANG_WARN_OBJC_IMPLICIT_RETAIN_SELF = YES;
				CLANG_WARN_OBJC_LITERAL_CONVERSION = YES;
				CLANG_WARN_OBJC_ROOT_CLASS = YES_ERROR;
				CLANG_WARN_QUOTED_INCLUDE_IN_FRAMEWORK_HEADER = YES;
				CLANG_WARN_RANGE_LOOP_ANALYSIS = YES;
				CLANG_WARN_STRICT_PROTOTYPES = YES;
				CLANG_WARN_SUSPICIOUS_MOVE = YES;
				CLANG_WARN_UNGUARDED_AVAILABILITY = YES_AGGRESSIVE;
				CLANG_WARN_UNREACHABLE_CODE = YES;
				CLANG_WARN__DUPLICATE_METHOD_MATCH = YES;
				COPY_PHASE_STRIP = NO;
				DEBUG_INFORMATION_FORMAT = "dwarf-with-dsym";
				ENABLE_NS_ASSERTIONS = NO;
				ENABLE_STRICT_OBJC_MSGSEND = YES;
				GCC_C_LANGUAGE_STANDARD = gnu11;
				GCC_NO_COMMON_BLOCKS = YES;
				GCC_WARN_64_TO_32_BIT_CONVERSION = YES;
				GCC_WARN_ABOUT_RETURN_TYPE = YES_ERROR;
				GCC_WARN_UNDECLARED_SELECTOR = YES;
				GCC_WARN_UNINITIALIZED_AUTOS = YES_AGGRESSIVE;
				GCC_WARN_UNUSED_FUNCTION = YES;
				GCC_WARN_UNUSED_VARIABLE = YES;
				IPHONEOS_DEPLOYMENT_TARGET = 15.2;
				MTL_ENABLE_DEBUG_INFO = NO;
				MTL_FAST_MATH = YES;
				SDKROOT = iphoneos;
				SWIFT_COMPILATION_MODE = wholemodule;
				SWIFT_OPTIMIZATION_LEVEL = "-O";
				VALIDATE_PRODUCT = YES;
			};
			name = Release;
		};
		71FF8C19282C891800B6DBD1 /* Debug */ = {
			isa = XCBuildConfiguration;
			buildSettings = {
				ASSETCATALOG_COMPILER_APPICON_NAME = AppIcon;
				ASSETCATALOG_COMPILER_GLOBAL_ACCENT_COLOR_NAME = AccentColor;
				CODE_SIGN_STYLE = Automatic;
				CURRENT_PROJECT_VERSION = 1;
				GENERATE_INFOPLIST_FILE = YES;
				INFOPLIST_FILE = RIBsTestApp/Info.plist;
				INFOPLIST_KEY_UIApplicationSupportsIndirectInputEvents = YES;
				INFOPLIST_KEY_UILaunchStoryboardName = LaunchScreen;
				INFOPLIST_KEY_UISupportedInterfaceOrientations = UIInterfaceOrientationPortrait;
				INFOPLIST_KEY_UISupportedInterfaceOrientations_iPad = "UIInterfaceOrientationPortrait UIInterfaceOrientationPortraitUpsideDown UIInterfaceOrientationLandscapeLeft UIInterfaceOrientationLandscapeRight";
				INFOPLIST_KEY_UISupportedInterfaceOrientations_iPhone = "UIInterfaceOrientationPortrait UIInterfaceOrientationLandscapeLeft UIInterfaceOrientationLandscapeRight";
				LD_RUNPATH_SEARCH_PATHS = (
					"$(inherited)",
					"@executable_path/Frameworks",
				);
				MARKETING_VERSION = 1.0;
				PRODUCT_BUNDLE_IDENTIFIER = ribstest.RIBsTestApp;
				PRODUCT_NAME = "$(TARGET_NAME)";
				SWIFT_EMIT_LOC_STRINGS = YES;
				SWIFT_VERSION = 5.0;
				TARGETED_DEVICE_FAMILY = 1;
			};
			name = Debug;
		};
		71FF8C1A282C891800B6DBD1 /* Release */ = {
			isa = XCBuildConfiguration;
			buildSettings = {
				ASSETCATALOG_COMPILER_APPICON_NAME = AppIcon;
				ASSETCATALOG_COMPILER_GLOBAL_ACCENT_COLOR_NAME = AccentColor;
				CODE_SIGN_STYLE = Automatic;
				CURRENT_PROJECT_VERSION = 1;
				GENERATE_INFOPLIST_FILE = YES;
				INFOPLIST_FILE = RIBsTestApp/Info.plist;
				INFOPLIST_KEY_UIApplicationSupportsIndirectInputEvents = YES;
				INFOPLIST_KEY_UILaunchStoryboardName = LaunchScreen;
				INFOPLIST_KEY_UISupportedInterfaceOrientations = UIInterfaceOrientationPortrait;
				INFOPLIST_KEY_UISupportedInterfaceOrientations_iPad = "UIInterfaceOrientationPortrait UIInterfaceOrientationPortraitUpsideDown UIInterfaceOrientationLandscapeLeft UIInterfaceOrientationLandscapeRight";
				INFOPLIST_KEY_UISupportedInterfaceOrientations_iPhone = "UIInterfaceOrientationPortrait UIInterfaceOrientationLandscapeLeft UIInterfaceOrientationLandscapeRight";
				LD_RUNPATH_SEARCH_PATHS = (
					"$(inherited)",
					"@executable_path/Frameworks",
				);
				MARKETING_VERSION = 1.0;
				PRODUCT_BUNDLE_IDENTIFIER = ribstest.RIBsTestApp;
				PRODUCT_NAME = "$(TARGET_NAME)";
				SWIFT_EMIT_LOC_STRINGS = YES;
				SWIFT_VERSION = 5.0;
				TARGETED_DEVICE_FAMILY = 1;
			};
			name = Release;
		};
/* End XCBuildConfiguration section */

/* Begin XCConfigurationList section */
		71FF8BFF282C891500B6DBD1 /* Build configuration list for PBXProject "RIBsTestApp" */ = {
			isa = XCConfigurationList;
			buildConfigurations = (
				71FF8C16282C891800B6DBD1 /* Debug */,
				71FF8C17282C891800B6DBD1 /* Release */,
			);
			defaultConfigurationIsVisible = 0;
			defaultConfigurationName = Release;
		};
		71FF8C18282C891800B6DBD1 /* Build configuration list for PBXNativeTarget "RIBsTestApp" */ = {
			isa = XCConfigurationList;
			buildConfigurations = (
				71FF8C19282C891800B6DBD1 /* Debug */,
				71FF8C1A282C891800B6DBD1 /* Release */,
			);
			defaultConfigurationIsVisible = 0;
			defaultConfigurationName = Release;
		};
/* End XCConfigurationList section */

/* Begin XCRemoteSwiftPackageReference section */
		71FF8C1E282C8CD300B6DBD1 /* XCRemoteSwiftPackageReference "ModernRIBs" */ = {
			isa = XCRemoteSwiftPackageReference;
			repositoryURL = "https://github.com/DevYeom/ModernRIBs";
			requirement = {
				branch = main;
				kind = branch;
			};
		};
/* End XCRemoteSwiftPackageReference section */

/* Begin XCSwiftPackageProductDependency section */
		71FF8C1F282C8CD300B6DBD1 /* ModernRIBs */ = {
			isa = XCSwiftPackageProductDependency;
			package = 71FF8C1E282C8CD300B6DBD1 /* XCRemoteSwiftPackageReference "ModernRIBs" */;
			productName = ModernRIBs;
		};
/* End XCSwiftPackageProductDependency section */
	};
	rootObject = 71FF8BFC282C891500B6DBD1 /* Project object */;
}
